
Microsoft Visual Studio Solution File, Format Version 12.00
# Visual Studio Version 17
VisualStudioVersion = 17.14.36109.1
MinimumVisualStudioVersion = 10.0.40219.1
Project("{FAE04EC0-301F-11D3-BF4B-00C04F79EFBC}") = "DataPorter", "DataPorter.csproj", "{C7EF6400-2644-4EA9-8EA7-B57D3801EC3F}"
EndProject
Project("{FAE04EC0-301F-11D3-BF4B-00C04F79EFBC}") = "DataPorter.Data", "..\DataPorter.Data\DataPorter.Data.csproj", "{CF5A87D3-4C7B-4A64-9752-38B2ABB97CE0}"
EndProject
Project("{FAE04EC0-301F-11D3-BF4B-00C04F79EFBC}") = "DataPorter.Service", "..\DataPorter.Service\DataPorter.Service.csproj", "{5028BEE6-215E-4E6F-83F6-C2A7826927BD}"
EndProject
Project("{FAE04EC0-301F-11D3-BF4B-00C04F79EFBC}") = "DataPorter.Model", "..\DataPorter.Model\DataPorter.Model.csproj", "{78550553-0F4A-40CC-BA33-D1FC928E537E}"
EndProject
Project("{FAE04EC0-301F-11D3-BF4B-00C04F79EFBC}") = "DataPorter.Dto", "..\DataPorter.Dto\DataPorter.Dto.csproj", "{0DFEEF3A-9731-49DC-A1D0-E86E2F98FCF6}"
EndProject
Global
	GlobalSection(SolutionConfigurationPlatforms) = preSolution
		Debug|Any CPU = Debug|Any CPU
		Release|Any CPU = Release|Any CPU
	EndGlobalSection
	GlobalSection(ProjectConfigurationPlatforms) = postSolution
		{C7EF6400-2644-4EA9-8EA7-B57D3801EC3F}.Debug|Any CPU.ActiveCfg = Debug|Any CPU
		{C7EF6400-2644-4EA9-8EA7-B57D3801EC3F}.Debug|Any CPU.Build.0 = Debug|Any CPU
		{C7EF6400-2644-4EA9-8EA7-B57D3801EC3F}.Release|Any CPU.ActiveCfg = Release|Any CPU
		{C7EF6400-2644-4EA9-8EA7-B57D3801EC3F}.Release|Any CPU.Build.0 = Release|Any CPU
		{CF5A87D3-4C7B-4A64-9752-38B2ABB97CE0}.Debug|Any CPU.ActiveCfg = Debug|Any CPU
		{CF5A87D3-4C7B-4A64-9752-38B2ABB97CE0}.Debug|Any CPU.Build.0 = Debug|Any CPU
		{CF5A87D3-4C7B-4A64-9752-38B2ABB97CE0}.Release|Any CPU.ActiveCfg = Release|Any CPU
		{CF5A87D3-4C7B-4A64-9752-38B2ABB97CE0}.Release|Any CPU.Build.0 = Release|Any CPU
		{5028BEE6-215E-4E6F-83F6-C2A7826927BD}.Debug|Any CPU.ActiveCfg = Debug|Any CPU
		{5028BEE6-215E-4E6F-83F6-C2A7826927BD}.Debug|Any CPU.Build.0 = Debug|Any CPU
		{5028BEE6-215E-4E6F-83F6-C2A7826927BD}.Release|Any CPU.ActiveCfg = Release|Any CPU
		{5028BEE6-215E-4E6F-83F6-C2A7826927BD}.Release|Any CPU.Build.0 = Release|Any CPU
		{78550553-0F4A-40CC-BA33-D1FC928E537E}.Debug|Any CPU.ActiveCfg = Debug|Any CPU
		{78550553-0F4A-40CC-BA33-D1FC928E537E}.Debug|Any CPU.Build.0 = Debug|Any CPU
		{78550553-0F4A-40CC-BA33-D1FC928E537E}.Release|Any CPU.ActiveCfg = Release|Any CPU
		{78550553-0F4A-40CC-BA33-D1FC928E537E}.Release|Any CPU.Build.0 = Release|Any CPU
		{0DFEEF3A-9731-49DC-A1D0-E86E2F98FCF6}.Debug|Any CPU.ActiveCfg = Debug|Any CPU
		{0DFEEF3A-9731-49DC-A1D0-E86E2F98FCF6}.Debug|Any CPU.Build.0 = Debug|Any CPU
		{0DFEEF3A-9731-49DC-A1D0-E86E2F98FCF6}.Release|Any CPU.ActiveCfg = Release|Any CPU
		{0DFEEF3A-9731-49DC-A1D0-E86E2F98FCF6}.Release|Any CPU.Build.0 = Release|Any CPU
	EndGlobalSection
	GlobalSection(SolutionProperties) = preSolution
		HideSolutionNode = FALSE
	EndGlobalSection
	GlobalSection(ExtensibilityGlobals) = postSolution
		SolutionGuid = {003478C4-E91E-42DD-923A-D1BDB820A76F}
	EndGlobalSection
EndGlobal
